
Microsoft Visual Studio Solution File, Format Version 12.00
# Visual Studio Version 16
VisualStudioVersion = 16.0.29318.209
MinimumVisualStudioVersion = 10.0.40219.1
Project("{FAE04EC0-301F-11D3-BF4B-00C04F79EFBC}") = "CapaDatos", "CapaDatos\CapaDatos.csproj", "{64A01E61-A0B4-45D9-A071-C5E415DB2651}"
	ProjectSection(ProjectDependencies) = postProject
		{895C94F5-D0D5-405C-BEF4-B0CA2D328B40} = {895C94F5-D0D5-405C-BEF4-B0CA2D328B40}
	EndProjectSection
EndProject
Project("{FAE04EC0-301F-11D3-BF4B-00C04F79EFBC}") = "CapaEntidades", "CapaEntidades\CapaEntidades.csproj", "{895C94F5-D0D5-405C-BEF4-B0CA2D328B40}"
EndProject
Project("{FAE04EC0-301F-11D3-BF4B-00C04F79EFBC}") = "CapaNegocio", "CapaNegocio\CapaNegocio.csproj", "{3BB034EC-CCF1-41FF-A936-544013B81C88}"
EndProject
Project("{FAE04EC0-301F-11D3-BF4B-00C04F79EFBC}") = "CapaPresentacion", "CapaPresentacion\CapaPresentacion.csproj", "{88ED29A3-C319-4CF0-A044-60F619E4676B}"
EndProject
Global
	GlobalSection(SolutionConfigurationPlatforms) = preSolution
		Debug|Any CPU = Debug|Any CPU
		Release|Any CPU = Release|Any CPU
	EndGlobalSection
	GlobalSection(ProjectConfigurationPlatforms) = postSolution
		{64A01E61-A0B4-45D9-A071-C5E415DB2651}.Debug|Any CPU.ActiveCfg = Debug|Any CPU
		{64A01E61-A0B4-45D9-A071-C5E415DB2651}.Debug|Any CPU.Build.0 = Debug|Any CPU
		{64A01E61-A0B4-45D9-A071-C5E415DB2651}.Release|Any CPU.ActiveCfg = Release|Any CPU
		{64A01E61-A0B4-45D9-A071-C5E415DB2651}.Release|Any CPU.Build.0 = Release|Any CPU
		{895C94F5-D0D5-405C-BEF4-B0CA2D328B40}.Debug|Any CPU.ActiveCfg = Debug|Any CPU
		{895C94F5-D0D5-405C-BEF4-B0CA2D328B40}.Debug|Any CPU.Build.0 = Debug|Any CPU
		{895C94F5-D0D5-405C-BEF4-B0CA2D328B40}.Release|Any CPU.ActiveCfg = Release|Any CPU
		{895C94F5-D0D5-405C-BEF4-B0CA2D328B40}.Release|Any CPU.Build.0 = Release|Any CPU
		{3BB034EC-CCF1-41FF-A936-544013B81C88}.Debug|Any CPU.ActiveCfg = Debug|Any CPU
		{3BB034EC-CCF1-41FF-A936-544013B81C88}.Debug|Any CPU.Build.0 = Debug|Any CPU
		{3BB034EC-CCF1-41FF-A936-544013B81C88}.Release|Any CPU.ActiveCfg = Release|Any CPU
		{3BB034EC-CCF1-41FF-A936-544013B81C88}.Release|Any CPU.Build.0 = Release|Any CPU
		{88ED29A3-C319-4CF0-A044-60F619E4676B}.Debug|Any CPU.ActiveCfg = Debug|Any CPU
		{88ED29A3-C319-4CF0-A044-60F619E4676B}.Debug|Any CPU.Build.0 = Debug|Any CPU
		{88ED29A3-C319-4CF0-A044-60F619E4676B}.Release|Any CPU.ActiveCfg = Release|Any CPU
		{88ED29A3-C319-4CF0-A044-60F619E4676B}.Release|Any CPU.Build.0 = Release|Any CPU
	EndGlobalSection
	GlobalSection(SolutionProperties) = preSolution
		HideSolutionNode = FALSE
	EndGlobalSection
	GlobalSection(ExtensibilityGlobals) = postSolution
		SolutionGuid = {B12FFDA2-B9F3-4ECD-B630-D97C80FAC591}
	EndGlobalSection
EndGlobal
